// !$*UTF8*$!
{
	archiveVersion = 1;
	classes = {
	};
	objectVersion = 46;
	objects = {

/* Begin PBXBuildFile section */
		F6FB586514FC6F1800788DEA /* UIKit.framework in Frameworks */ = {isa = PBXBuildFile; fileRef = F6FB586414FC6F1800788DEA /* UIKit.framework */; };
		F6FB586714FC6F1800788DEA /* Foundation.framework in Frameworks */ = {isa = PBXBuildFile; fileRef = F6FB586614FC6F1800788DEA /* Foundation.framework */; };
		F6FB586914FC6F1800788DEA /* CoreGraphics.framework in Frameworks */ = {isa = PBXBuildFile; fileRef = F6FB586814FC6F1800788DEA /* CoreGraphics.framework */; };
		F6FB586F14FC6F1800788DEA /* InfoPlist.strings in Resources */ = {isa = PBXBuildFile; fileRef = F6FB586D14FC6F1800788DEA /* InfoPlist.strings */; };
		F6FB587114FC6F1800788DEA /* main.m in Sources */ = {isa = PBXBuildFile; fileRef = F6FB587014FC6F1800788DEA /* main.m */; };
		F6FB587514FC6F1800788DEA /* AppDelegate.m in Sources */ = {isa = PBXBuildFile; fileRef = F6FB587414FC6F1800788DEA /* AppDelegate.m */; };
		F6FB587814FC6F1800788DEA /* MasterViewController.m in Sources */ = {isa = PBXBuildFile; fileRef = F6FB587714FC6F1800788DEA /* MasterViewController.m */; };
		F6FB587B14FC6F1800788DEA /* DetailViewController.m in Sources */ = {isa = PBXBuildFile; fileRef = F6FB587A14FC6F1800788DEA /* DetailViewController.m */; };
		F6FB587E14FC6F1800788DEA /* MasterViewController_iPhone.xib in Resources */ = {isa = PBXBuildFile; fileRef = F6FB587C14FC6F1800788DEA /* MasterViewController_iPhone.xib */; };
		F6FB588114FC6F1800788DEA /* MasterViewController_iPad.xib in Resources */ = {isa = PBXBuildFile; fileRef = F6FB587F14FC6F1800788DEA /* MasterViewController_iPad.xib */; };
		F6FB588414FC6F1800788DEA /* DetailViewController_iPhone.xib in Resources */ = {isa = PBXBuildFile; fileRef = F6FB588214FC6F1800788DEA /* DetailViewController_iPhone.xib */; };
		F6FB588714FC6F1800788DEA /* DetailViewController_iPad.xib in Resources */ = {isa = PBXBuildFile; fileRef = F6FB588514FC6F1800788DEA /* DetailViewController_iPad.xib */; };
/* End PBXBuildFile section */

/* Begin PBXFileReference section */
		F6FB586014FC6F1800788DEA /* SplitViews.app */ = {isa = PBXFileReference; explicitFileType = wrapper.application; includeInIndex = 0; path = SplitViews.app; sourceTree = BUILT_PRODUCTS_DIR; };
		F6FB586414FC6F1800788DEA /* UIKit.framework */ = {isa = PBXFileReference; lastKnownFileType = wrapper.framework; name = UIKit.framework; path = System/Library/Frameworks/UIKit.framework; sourceTree = SDKROOT; };
		F6FB586614FC6F1800788DEA /* Foundation.framework */ = {isa = PBXFileReference; lastKnownFileType = wrapper.framework; name = Foundation.framework; path = System/Library/Frameworks/Foundation.framework; sourceTree = SDKROOT; };
		F6FB586814FC6F1800788DEA /* CoreGraphics.framework */ = {isa = PBXFileReference; lastKnownFileType = wrapper.framework; name = CoreGraphics.framework; path = System/Library/Frameworks/CoreGraphics.framework; sourceTree = SDKROOT; };
		F6FB586C14FC6F1800788DEA /* SplitViews-Info.plist */ = {isa = PBXFileReference; lastKnownFileType = text.plist.xml; path = "SplitViews-Info.plist"; sourceTree = "<group>"; };
		F6FB586E14FC6F1800788DEA /* en */ = {isa = PBXFileReference; lastKnownFileType = text.plist.strings; name = en; path = en.lproj/InfoPlist.strings; sourceTree = "<group>"; };
		F6FB587014FC6F1800788DEA /* main.m */ = {isa = PBXFileReference; lastKnownFileType = sourcecode.c.objc; path = main.m; sourceTree = "<group>"; };
		F6FB587214FC6F1800788DEA /* SplitViews-Prefix.pch */ = {isa = PBXFileReference; lastKnownFileType = sourcecode.c.h; path = "SplitViews-Prefix.pch"; sourceTree = "<group>"; };
		F6FB587314FC6F1800788DEA /* AppDelegate.h */ = {isa = PBXFileReference; lastKnownFileType = sourcecode.c.h; path = AppDelegate.h; sourceTree = "<group>"; };
		F6FB587414FC6F1800788DEA /* AppDelegate.m */ = {isa = PBXFileReference; lastKnownFileType = sourcecode.c.objc; path = AppDelegate.m; sourceTree = "<group>"; };
		F6FB587614FC6F1800788DEA /* MasterViewController.h */ = {isa = PBXFileReference; lastKnownFileType = sourcecode.c.h; path = MasterViewController.h; sourceTree = "<group>"; };
		F6FB587714FC6F1800788DEA /* MasterViewController.m */ = {isa = PBXFileReference; lastKnownFileType = sourcecode.c.objc; path = MasterViewController.m; sourceTree = "<group>"; };
		F6FB587914FC6F1800788DEA /* DetailViewController.h */ = {isa = PBXFileReference; lastKnownFileType = sourcecode.c.h; path = DetailViewController.h; sourceTree = "<group>"; };
		F6FB587A14FC6F1800788DEA /* DetailViewController.m */ = {isa = PBXFileReference; lastKnownFileType = sourcecode.c.objc; path = DetailViewController.m; sourceTree = "<group>"; };
		F6FB587D14FC6F1800788DEA /* en */ = {isa = PBXFileReference; lastKnownFileType = file.xib; name = en; path = en.lproj/MasterViewController_iPhone.xib; sourceTree = "<group>"; };
		F6FB588014FC6F1800788DEA /* en */ = {isa = PBXFileReference; lastKnownFileType = file.xib; name = en; path = en.lproj/MasterViewController_iPad.xib; sourceTree = "<group>"; };
		F6FB588314FC6F1800788DEA /* en */ = {isa = PBXFileReference; lastKnownFileType = file.xib; name = en; path = en.lproj/DetailViewController_iPhone.xib; sourceTree = "<group>"; };
		F6FB588614FC6F1800788DEA /* en */ = {isa = PBXFileReference; lastKnownFileType = file.xib; name = en; path = en.lproj/DetailViewController_iPad.xib; sourceTree = "<group>"; };
/* End PBXFileReference section */

/* Begin PBXFrameworksBuildPhase section */
		F6FB585D14FC6F1800788DEA /* Frameworks */ = {
			isa = PBXFrameworksBuildPhase;
			buildActionMask = 2147483647;
			files = (
				F6FB586514FC6F1800788DEA /* UIKit.framework in Frameworks */,
				F6FB586714FC6F1800788DEA /* Foundation.framework in Frameworks */,
				F6FB586914FC6F1800788DEA /* CoreGraphics.framework in Frameworks */,
			);
			runOnlyForDeploymentPostprocessing = 0;
		};
/* End PBXFrameworksBuildPhase section */

/* Begin PBXGroup section */
		F6FB585514FC6F1800788DEA = {
			isa = PBXGroup;
			children = (
				F6FB586A14FC6F1800788DEA /* SplitViews */,
				F6FB586314FC6F1800788DEA /* Frameworks */,
				F6FB586114FC6F1800788DEA /* Products */,
			);
			sourceTree = "<group>";
		};
		F6FB586114FC6F1800788DEA /* Products */ = {
			isa = PBXGroup;
			children = (
				F6FB586014FC6F1800788DEA /* SplitViews.app */,
			);
			name = Products;
			sourceTree = "<group>";
		};
		F6FB586314FC6F1800788DEA /* Frameworks */ = {
			isa = PBXGroup;
			children = (
				F6FB586414FC6F1800788DEA /* UIKit.framework */,
				F6FB586614FC6F1800788DEA /* Foundation.framework */,
				F6FB586814FC6F1800788DEA /* CoreGraphics.framework */,
			);
			name = Frameworks;
			sourceTree = "<group>";
		};
		F6FB586A14FC6F1800788DEA /* SplitViews */ = {
			isa = PBXGroup;
			children = (
				F6FB587314FC6F1800788DEA /* AppDelegate.h */,
				F6FB587414FC6F1800788DEA /* AppDelegate.m */,
				F6FB587614FC6F1800788DEA /* MasterViewController.h */,
				F6FB587714FC6F1800788DEA /* MasterViewController.m */,
				F6FB587914FC6F1800788DEA /* DetailViewController.h */,
				F6FB587A14FC6F1800788DEA /* DetailViewController.m */,
				F6FB587C14FC6F1800788DEA /* MasterViewController_iPhone.xib */,
				F6FB587F14FC6F1800788DEA /* MasterViewController_iPad.xib */,
				F6FB588214FC6F1800788DEA /* DetailViewController_iPhone.xib */,
				F6FB588514FC6F1800788DEA /* DetailViewController_iPad.xib */,
				F6FB586B14FC6F1800788DEA /* Supporting Files */,
			);
			path = SplitViews;
			sourceTree = "<group>";
		};
		F6FB586B14FC6F1800788DEA /* Supporting Files */ = {
			isa = PBXGroup;
			children = (
				F6FB586C14FC6F1800788DEA /* SplitViews-Info.plist */,
				F6FB586D14FC6F1800788DEA /* InfoPlist.strings */,
				F6FB587014FC6F1800788DEA /* main.m */,
				F6FB587214FC6F1800788DEA /* SplitViews-Prefix.pch */,
			);
			name = "Supporting Files";
			sourceTree = "<group>";
		};
/* End PBXGroup section */

/* Begin PBXNativeTarget section */
		F6FB585F14FC6F1800788DEA /* SplitViews */ = {
			isa = PBXNativeTarget;
			buildConfigurationList = F6FB588A14FC6F1800788DEA /* Build configuration list for PBXNativeTarget "SplitViews" */;
			buildPhases = (
				F6FB585C14FC6F1800788DEA /* Sources */,
				F6FB585D14FC6F1800788DEA /* Frameworks */,
				F6FB585E14FC6F1800788DEA /* Resources */,
			);
			buildRules = (
			);
			dependencies = (
			);
			name = SplitViews;
			productName = SplitViews;
			productReference = F6FB586014FC6F1800788DEA /* SplitViews.app */;
			productType = "com.apple.product-type.application";
		};
/* End PBXNativeTarget section */

/* Begin PBXProject section */
		F6FB585714FC6F1800788DEA /* Project object */ = {
			isa = PBXProject;
			attributes = {
				LastUpgradeCheck = 0420;
			};
			buildConfigurationList = F6FB585A14FC6F1800788DEA /* Build configuration list for PBXProject "SplitViews" */;
			compatibilityVersion = "Xcode 3.2";
			developmentRegion = English;
			hasScannedForEncodings = 0;
			knownRegions = (
				en,
			);
			mainGroup = F6FB585514FC6F1800788DEA;
			productRefGroup = F6FB586114FC6F1800788DEA /* Products */;
			projectDirPath = "";
			projectRoot = "";
			targets = (
				F6FB585F14FC6F1800788DEA /* SplitViews */,
			);
		};
/* End PBXProject section */

/* Begin PBXResourcesBuildPhase section */
		F6FB585E14FC6F1800788DEA /* Resources */ = {
			isa = PBXResourcesBuildPhase;
			buildActionMask = 2147483647;
			files = (
				F6FB586F14FC6F1800788DEA /* InfoPlist.strings in Resources */,
				F6FB587E14FC6F1800788DEA /* MasterViewController_iPhone.xib in Resources */,
				F6FB588114FC6F1800788DEA /* MasterViewController_iPad.xib in Resources */,
				F6FB588414FC6F1800788DEA /* DetailViewController_iPhone.xib in Resources */,
				F6FB588714FC6F1800788DEA /* DetailViewController_iPad.xib in Resources */,
			);
			runOnlyForDeploymentPostprocessing = 0;
		};
/* End PBXResourcesBuildPhase section */

/* Begin PBXSourcesBuildPhase section */
		F6FB585C14FC6F1800788DEA /* Sources */ = {
			isa = PBXSourcesBuildPhase;
			buildActionMask = 2147483647;
			files = (
				F6FB587114FC6F1800788DEA /* main.m in Sources */,
				F6FB587514FC6F1800788DEA /* AppDelegate.m in Sources */,
				F6FB587814FC6F1800788DEA /* MasterViewController.m in Sources */,
				F6FB587B14FC6F1800788DEA /* DetailViewController.m in Sources */,
			);
			runOnlyForDeploymentPostprocessing = 0;
		};
/* End PBXSourcesBuildPhase section */

/* Begin PBXVariantGroup section */
		F6FB586D14FC6F1800788DEA /* InfoPlist.strings */ = {
			isa = PBXVariantGroup;
			children = (
				F6FB586E14FC6F1800788DEA /* en */,
			);
			name = InfoPlist.strings;
			sourceTree = "<group>";
		};
		F6FB587C14FC6F1800788DEA /* MasterViewController_iPhone.xib */ = {
			isa = PBXVariantGroup;
			children = (
				F6FB587D14FC6F1800788DEA /* en */,
			);
			name = MasterViewController_iPhone.xib;
			sourceTree = "<group>";
		};
		F6FB587F14FC6F1800788DEA /* MasterViewController_iPad.xib */ = {
			isa = PBXVariantGroup;
			children = (
				F6FB588014FC6F1800788DEA /* en */,
			);
			name = MasterViewController_iPad.xib;
			sourceTree = "<group>";
		};
		F6FB588214FC6F1800788DEA /* DetailViewController_iPhone.xib */ = {
			isa = PBXVariantGroup;
			children = (
				F6FB588314FC6F1800788DEA /* en */,
			);
			name = DetailViewController_iPhone.xib;
			sourceTree = "<group>";
		};
		F6FB588514FC6F1800788DEA /* DetailViewController_iPad.xib */ = {
			isa = PBXVariantGroup;
			children = (
				F6FB588614FC6F1800788DEA /* en */,
			);
			name = DetailViewController_iPad.xib;
			sourceTree = "<group>";
		};
/* End PBXVariantGroup section */

/* Begin XCBuildConfiguration section */
		F6FB588814FC6F1800788DEA /* Debug */ = {
			isa = XCBuildConfiguration;
			buildSettings = {
				ALWAYS_SEARCH_USER_PATHS = NO;
				ARCHS = "$(ARCHS_STANDARD_32_BIT)";
				CLANG_ENABLE_OBJC_ARC = YES;
				"CODE_SIGN_IDENTITY[sdk=iphoneos*]" = "iPhone Developer";
				COPY_PHASE_STRIP = NO;
				GCC_C_LANGUAGE_STANDARD = gnu99;
				GCC_DYNAMIC_NO_PIC = NO;
				GCC_OPTIMIZATION_LEVEL = 0;
				GCC_PREPROCESSOR_DEFINITIONS = (
					"DEBUG=1",
					"$(inherited)",
				);
				GCC_SYMBOLS_PRIVATE_EXTERN = NO;
				GCC_VERSION = com.apple.compilers.llvm.clang.1_0;
				GCC_WARN_ABOUT_MISSING_PROTOTYPES = YES;
				GCC_WARN_ABOUT_RETURN_TYPE = YES;
				GCC_WARN_UNUSED_VARIABLE = YES;
				IPHONEOS_DEPLOYMENT_TARGET = 5.0;
				SDKROOT = iphoneos;
				TARGETED_DEVICE_FAMILY = "1,2";
			};
			name = Debug;
		};
		F6FB588914FC6F1800788DEA /* Release */ = {
			isa = XCBuildConfiguration;
			buildSettings = {
				ALWAYS_SEARCH_USER_PATHS = NO;
				ARCHS = "$(ARCHS_STANDARD_32_BIT)";
				CLANG_ENABLE_OBJC_ARC = YES;
				"CODE_SIGN_IDENTITY[sdk=iphoneos*]" = "iPhone Developer";
				COPY_PHASE_STRIP = YES;
				GCC_C_LANGUAGE_STANDARD = gnu99;
				GCC_VERSION = com.apple.compilers.llvm.clang.1_0;
				GCC_WARN_ABOUT_MISSING_PROTOTYPES = YES;
				GCC_WARN_ABOUT_RETURN_TYPE = YES;
				GCC_WARN_UNUSED_VARIABLE = YES;
				IPHONEOS_DEPLOYMENT_TARGET = 5.0;
				OTHER_CFLAGS = "-DNS_BLOCK_ASSERTIONS=1";
				SDKROOT = iphoneos;
				TARGETED_DEVICE_FAMILY = "1,2";
				VALIDATE_PRODUCT = YES;
			};
			name = Release;
		};
		F6FB588B14FC6F1800788DEA /* Debug */ = {
			isa = XCBuildConfiguration;
			buildSettings = {
				GCC_PRECOMPILE_PREFIX_HEADER = YES;
				GCC_PREFIX_HEADER = "SplitViews/SplitViews-Prefix.pch";
				INFOPLIST_FILE = "SplitViews/SplitViews-Info.plist";
				PRODUCT_NAME = "$(TARGET_NAME)";
				WRAPPER_EXTENSION = app;
			};
			name = Debug;
		};
		F6FB588C14FC6F1800788DEA /* Release */ = {
			isa = XCBuildConfiguration;
			buildSettings = {
				GCC_PRECOMPILE_PREFIX_HEADER = YES;
				GCC_PREFIX_HEADER = "SplitViews/SplitViews-Prefix.pch";
				INFOPLIST_FILE = "SplitViews/SplitViews-Info.plist";
				PRODUCT_NAME = "$(TARGET_NAME)";
				WRAPPER_EXTENSION = app;
			};
			name = Release;
		};
/* End XCBuildConfiguration section */

/* Begin XCConfigurationList section */
		F6FB585A14FC6F1800788DEA /* Build configuration list for PBXProject "SplitViews" */ = {
			isa = XCConfigurationList;
			buildConfigurations = (
				F6FB588814FC6F1800788DEA /* Debug */,
				F6FB588914FC6F1800788DEA /* Release */,
			);
			defaultConfigurationIsVisible = 0;
			defaultConfigurationName = Release;
		};
		F6FB588A14FC6F1800788DEA /* Build configuration list for PBXNativeTarget "SplitViews" */ = {
			isa = XCConfigurationList;
			buildConfigurations = (
				F6FB588B14FC6F1800788DEA /* Debug */,
				F6FB588C14FC6F1800788DEA /* Release */,
			);
			defaultConfigurationIsVisible = 0;
		};
/* End XCConfigurationList section */
	};
	rootObject = F6FB585714FC6F1800788DEA /* Project object */;
}
